// !$*UTF8*$!
{
	archiveVersion = 1;
	classes = {
	};
	objectVersion = 77;
	objects = {

/* Begin PBXBuildFile section */
		017F2E982E7CE60F8BCCE42A /* Pods_Vertix.framework in Frameworks */ = {isa = PBXBuildFile; fileRef = FE496C0036F73002BE971394 /* Pods_Vertix.framework */; };
		290BE04380E31A121767D6AF /* Pods_VertixTests.framework in Frameworks */ = {isa = PBXBuildFile; fileRef = 4C8B83AD3CAFB420C15CB6D6 /* Pods_VertixTests.framework */; };
/* End PBXBuildFile section */

/* Begin PBXContainerItemProxy section */
		3F0320172FC7F15F00A28F4E /* PBXContainerItemProxy */ = {
			isa = PBXContainerItemProxy;
			containerPortal = 3F7F1AEA2F90BEAA00E435E6 /* Project object */;
			proxyType = 1;
			remoteGlobalIDString = 3F7F1AF12F90BEAA00E435E6;
			remoteInfo = Vertix;
		};
/* End PBXContainerItemProxy section */

/* Begin PBXFileReference section */
		07FFFC4E7D678B6A403CF150 /* Pods-VertixTests.debug.xcconfig */ = {isa = PBXFileReference; includeInIndex = 1; lastKnownFileType = text.xcconfig; name = "Pods-VertixTests.debug.xcconfig"; path = "Target Support Files/Pods-VertixTests/Pods-VertixTests.debug.xcconfig"; sourceTree = "<group>"; };
		3F0320132FC7F15F00A28F4E /* VertixTests.xctest */ = {isa = PBXFileReference; explicitFileType = wrapper.cfbundle; includeInIndex = 0; path = VertixTests.xctest; sourceTree = BUILT_PRODUCTS_DIR; };
		3F7F1AF22F90BEAA00E435E6 /* Vertix.app */ = {isa = PBXFileReference; explicitFileType = wrapper.application; includeInIndex = 0; path = Vertix.app; sourceTree = BUILT_PRODUCTS_DIR; };
		4C8B83AD3CAFB420C15CB6D6 /* Pods_VertixTests.framework */ = {isa = PBXFileReference; explicitFileType = wrapper.framework; includeInIndex = 0; path = Pods_VertixTests.framework; sourceTree = BUILT_PRODUCTS_DIR; };
		7A97D14B992745956A94E346 /* Pods-VertixTests.release.xcconfig */ = {isa = PBXFileReference; includeInIndex = 1; lastKnownFileType = text.xcconfig; name = "Pods-VertixTests.release.xcconfig"; path = "Target Support Files/Pods-VertixTests/Pods-VertixTests.release.xcconfig"; sourceTree = "<group>"; };
		9DE2669C744C63D33EDA6A4A /* Pods-Vertix.debug.xcconfig */ = {isa = PBXFileReference; includeInIndex = 1; lastKnownFileType = text.xcconfig; name = "Pods-Vertix.debug.xcconfig"; path = "Target Support Files/Pods-Vertix/Pods-Vertix.debug.xcconfig"; sourceTree = "<group>"; };
		AB455E853370C5FCADD1AFB0 /* Pods-Vertix.release.xcconfig */ = {isa = PBXFileReference; includeInIndex = 1; lastKnownFileType = text.xcconfig; name = "Pods-Vertix.release.xcconfig"; path = "Target Support Files/Pods-Vertix/Pods-Vertix.release.xcconfig"; sourceTree = "<group>"; };
		FE496C0036F73002BE971394 /* Pods_Vertix.framework */ = {isa = PBXFileReference; explicitFileType = wrapper.framework; includeInIndex = 0; path = Pods_Vertix.framework; sourceTree = BUILT_PRODUCTS_DIR; };
/* End PBXFileReference section */

/* Begin PBXFileSystemSynchronizedRootGroup section */
		3F0320142FC7F15F00A28F4E /* VertixTests */ = {
			isa = PBXFileSystemSynchronizedRootGroup;
			path = VertixTests;
			sourceTree = "<group>";
		};
		3F7F1AF42F90BEAA00E435E6 /* Vertix */ = {
			isa = PBXFileSystemSynchronizedRootGroup;
			path = Vertix;
			sourceTree = "<group>";
		};
/* End PBXFileSystemSynchronizedRootGroup section */

/* Begin PBXFrameworksBuildPhase section */
		3F0320102FC7F15F00A28F4E /* Frameworks */ = {
			isa = PBXFrameworksBuildPhase;
			buildActionMask = 2147483647;
			files = (
				290BE04380E31A121767D6AF /* Pods_VertixTests.framework in Frameworks */,
			);
			runOnlyForDeploymentPostprocessing = 0;
		};
		3F7F1AEF2F90BEAA00E435E6 /* Frameworks */ = {
			isa = PBXFrameworksBuildPhase;
			buildActionMask = 2147483647;
			files = (
				017F2E982E7CE60F8BCCE42A /* Pods_Vertix.framework in Frameworks */,
			);
			runOnlyForDeploymentPostprocessing = 0;
		};
/* End PBXFrameworksBuildPhase section */

/* Begin PBXGroup section */
		2B411C1759B41D6EA0FB151A /* Frameworks */ = {
			isa = PBXGroup;
			children = (
				FE496C0036F73002BE971394 /* Pods_Vertix.framework */,
				4C8B83AD3CAFB420C15CB6D6 /* Pods_VertixTests.framework */,
			);
			name = Frameworks;
			sourceTree = "<group>";
		};
		3F7F1AE92F90BEAA00E435E6 = {
			isa = PBXGroup;
			children = (
				3F7F1AF42F90BEAA00E435E6 /* Vertix */,
				3F0320142FC7F15F00A28F4E /* VertixTests */,
				3F7F1AF32F90BEAA00E435E6 /* Products */,
				ACB3EBF7EEAF12297919F950 /* Pods */,
				2B411C1759B41D6EA0FB151A /* Frameworks */,
			);
			sourceTree = "<group>";
		};
		3F7F1AF32F90BEAA00E435E6 /* Products */ = {
			isa = PBXGroup;
			children = (
				3F7F1AF22F90BEAA00E435E6 /* Vertix.app */,
				3F0320132FC7F15F00A28F4E /* VertixTests.xctest */,
			);
			name = Products;
			sourceTree = "<group>";
		};
		ACB3EBF7EEAF12297919F950 /* Pods */ = {
			isa = PBXGroup;
			children = (
				9DE2669C744C63D33EDA6A4A /* Pods-Vertix.debug.xcconfig */,
				AB455E853370C5FCADD1AFB0 /* Pods-Vertix.release.xcconfig */,
				07FFFC4E7D678B6A403CF150 /* Pods-VertixTests.debug.xcconfig */,
				7A97D14B992745956A94E346 /* Pods-VertixTests.release.xcconfig */,
			);
			path = Pods;
			sourceTree = "<group>";
		};
/* End PBXGroup section */

/* Begin PBXNativeTarget section */
		3F0320122FC7F15F00A28F4E /* VertixTests */ = {
			isa = PBXNativeTarget;
			buildConfigurationList = 3F03201B2FC7F15F00A28F4E /* Build configuration list for PBXNativeTarget "VertixTests" */;
			buildPhases = (
				F6E054E7BAA8BB7F9FD99589 /* [CP] Check Pods Manifest.lock */,
				3F03200F2FC7F15F00A28F4E /* Sources */,
				3F0320102FC7F15F00A28F4E /* Frameworks */,
				3F0320112FC7F15F00A28F4E /* Resources */,
			);
			buildRules = (
			);
			dependencies = (
				3F0320182FC7F15F00A28F4E /* PBXTargetDependency */,
			);
			fileSystemSynchronizedGroups = (
				3F0320142FC7F15F00A28F4E /* VertixTests */,
			);
			name = VertixTests;
			productName = VertixTests;
			productReference = 3F0320132FC7F15F00A28F4E /* VertixTests.xctest */;
			productType = "com.apple.product-type.bundle.unit-test";
		};
		3F7F1AF12F90BEAA00E435E6 /* Vertix */ = {
			isa = PBXNativeTarget;
			buildConfigurationList = 3F7F1AFD2F90BEAB00E435E6 /* Build configuration list for PBXNativeTarget "Vertix" */;
			buildPhases = (
				5D91759034DB656ECB72AFF4 /* [CP] Check Pods Manifest.lock */,
				3F7F1AEE2F90BEAA00E435E6 /* Sources */,
				3F7F1AEF2F90BEAA00E435E6 /* Frameworks */,
				3F7F1AF02F90BEAA00E435E6 /* Resources */,
				856EB7916DFB2EA8933B1AA4 /* [CP] Embed Pods Frameworks */,
			);
			buildRules = (
			);
			dependencies = (
			);
			fileSystemSynchronizedGroups = (
				3F7F1AF42F90BEAA00E435E6 /* Vertix */,
			);
			name = Vertix;
			productName = Vertix;
			productReference = 3F7F1AF22F90BEAA00E435E6 /* Vertix.app */;
			productType = "com.apple.product-type.application";
		};
/* End PBXNativeTarget section */

/* Begin PBXProject section */
		3F7F1AEA2F90BEAA00E435E6 /* Project object */ = {
			isa = PBXProject;
			attributes = {
				BuildIndependentTargetsInParallel = 1;
				LastSwiftUpdateCheck = 2650;
				LastUpgradeCheck = 2620;
				TargetAttributes = {
					3F0320122FC7F15F00A28F4E = {
						CreatedOnToolsVersion = 26.5;
						TestTargetID = 3F7F1AF12F90BEAA00E435E6;
					};
					3F7F1AF12F90BEAA00E435E6 = {
						CreatedOnToolsVersion = 26.3;
					};
				};
			};
			buildConfigurationList = 3F7F1AED2F90BEAA00E435E6 /* Build configuration list for PBXProject "Vertix" */;
			developmentRegion = en;
			hasScannedForEncodings = 0;
			knownRegions = (
				en,
				Base,
			);
			mainGroup = 3F7F1AE92F90BEAA00E435E6;
			minimizedProjectReferenceProxies = 1;
			preferredProjectObjectVersion = 77;
			productRefGroup = 3F7F1AF32F90BEAA00E435E6 /* Products */;
			projectDirPath = "";
			projectRoot = "";
			targets = (
				3F7F1AF12F90BEAA00E435E6 /* Vertix */,
				3F0320122FC7F15F00A28F4E /* VertixTests */,
			);
		};
/* End PBXProject section */

/* Begin PBXResourcesBuildPhase section */
		3F0320112FC7F15F00A28F4E /* Resources */ = {
			isa = PBXResourcesBuildPhase;
			buildActionMask = 2147483647;
			files = (
			);
			runOnlyForDeploymentPostprocessing = 0;
		};
		3F7F1AF02F90BEAA00E435E6 /* Resources */ = {
			isa = PBXResourcesBuildPhase;
			buildActionMask = 2147483647;
			files = (
			);
			runOnlyForDeploymentPostprocessing = 0;
		};
/* End PBXResourcesBuildPhase section */

/* Begin PBXShellScriptBuildPhase section */
		5D91759034DB656ECB72AFF4 /* [CP] Check Pods Manifest.lock */ = {
			isa = PBXShellScriptBuildPhase;
			buildActionMask = 2147483647;
			files = (
			);
			inputFileListPaths = (
			);
			inputPaths = (
				"${PODS_PODFILE_DIR_PATH}/Podfile.lock",
				"${PODS_ROOT}/Manifest.lock",
			);
			name = "[CP] Check Pods Manifest.lock";
			outputFileListPaths = (
			);
			outputPaths = (
				"$(DERIVED_FILE_DIR)/Pods-Vertix-checkManifestLockResult.txt",
			);
			runOnlyForDeploymentPostprocessing = 0;
			shellPath = /bin/sh;
			shellScript = "diff \"${PODS_PODFILE_DIR_PATH}/Podfile.lock\" \"${PODS_ROOT}/Manifest.lock\" > /dev/null\nif [ $? != 0 ] ; then\n    # print error to STDERR\n    echo \"error: The sandbox is not in sync with the Podfile.lock. Run 'pod install' or update your CocoaPods installation.\" >&2\n    exit 1\nfi\n# This output is used by Xcode 'outputs' to avoid re-running this script phase.\necho \"SUCCESS\" > \"${SCRIPT_OUTPUT_FILE_0}\"\n";
			showEnvVarsInLog = 0;
		};
		856EB7916DFB2EA8933B1AA4 /* [CP] Embed Pods Frameworks */ = {
			isa = PBXShellScriptBuildPhase;
			buildActionMask = 2147483647;
			files = (
			);
			inputFileListPaths = (
				"${PODS_ROOT}/Target Support Files/Pods-Vertix/Pods-Vertix-frameworks-${CONFIGURATION}-input-files.xcfilelist",
			);
			inputPaths = (
			);
			name = "[CP] Embed Pods Frameworks";
			outputFileListPaths = (
				"${PODS_ROOT}/Target Support Files/Pods-Vertix/Pods-Vertix-frameworks-${CONFIGURATION}-output-files.xcfilelist",
			);
			outputPaths = (
			);
			runOnlyForDeploymentPostprocessing = 0;
			shellPath = /bin/sh;
			shellScript = "\"${PODS_ROOT}/Target Support Files/Pods-Vertix/Pods-Vertix-frameworks.sh\"\n";
			showEnvVarsInLog = 0;
		};
		F6E054E7BAA8BB7F9FD99589 /* [CP] Check Pods Manifest.lock */ = {
			isa = PBXShellScriptBuildPhase;
			buildActionMask = 2147483647;
			files = (
			);
			inputFileListPaths = (
			);
			inputPaths = (
				"${PODS_PODFILE_DIR_PATH}/Podfile.lock",
				"${PODS_ROOT}/Manifest.lock",
			);
			name = "[CP] Check Pods Manifest.lock";
			outputFileListPaths = (
			);
			outputPaths = (
				"$(DERIVED_FILE_DIR)/Pods-VertixTests-checkManifestLockResult.txt",
			);
			runOnlyForDeploymentPostprocessing = 0;
			shellPath = /bin/sh;
			shellScript = "diff \"${PODS_PODFILE_DIR_PATH}/Podfile.lock\" \"${PODS_ROOT}/Manifest.lock\" > /dev/null\nif [ $? != 0 ] ; then\n    # print error to STDERR\n    echo \"error: The sandbox is not in sync with the Podfile.lock. Run 'pod install' or update your CocoaPods installation.\" >&2\n    exit 1\nfi\n# This output is used by Xcode 'outputs' to avoid re-running this script phase.\necho \"SUCCESS\" > \"${SCRIPT_OUTPUT_FILE_0}\"\n";
			showEnvVarsInLog = 0;
		};
/* End PBXShellScriptBuildPhase section */

/* Begin PBXSourcesBuildPhase section */
		3F03200F2FC7F15F00A28F4E /* Sources */ = {
			isa = PBXSourcesBuildPhase;
			buildActionMask = 2147483647;
			files = (
			);
			runOnlyForDeploymentPostprocessing = 0;
		};
		3F7F1AEE2F90BEAA00E435E6 /* Sources */ = {
			isa = PBXSourcesBuildPhase;
			buildActionMask = 2147483647;
			files = (
			);
			runOnlyForDeploymentPostprocessing = 0;
		};
/* End PBXSourcesBuildPhase section */

/* Begin PBXTargetDependency section */
		3F0320182FC7F15F00A28F4E /* PBXTargetDependency */ = {
			isa = PBXTargetDependency;
			target = 3F7F1AF12F90BEAA00E435E6 /* Vertix */;
			targetProxy = 3F0320172FC7F15F00A28F4E /* PBXContainerItemProxy */;
		};
/* End PBXTargetDependency section */

/* Begin XCBuildConfiguration section */
		3F0320192FC7F15F00A28F4E /* Debug */ = {
			isa = XCBuildConfiguration;
			baseConfigurationReference = 07FFFC4E7D678B6A403CF150 /* Pods-VertixTests.debug.xcconfig */;
			buildSettings = {
				BUNDLE_LOADER = "$(TEST_HOST)";
				CODE_SIGN_STYLE = Automatic;
				CURRENT_PROJECT_VERSION = 1;
				ENABLE_USER_SCRIPT_SANDBOXING = YES;
				GENERATE_INFOPLIST_FILE = YES;
				IPHONEOS_DEPLOYMENT_TARGET = 26.4;
				MARKETING_VERSION = 1.0;
				PRODUCT_BUNDLE_IDENTIFIER = com.felix.VertixTests;
				PRODUCT_NAME = "$(TARGET_NAME)";
				STRING_CATALOG_GENERATE_SYMBOLS = NO;
				SWIFT_APPROACHABLE_CONCURRENCY = YES;
				SWIFT_EMIT_LOC_STRINGS = NO;
				SWIFT_UPCOMING_FEATURE_MEMBER_IMPORT_VISIBILITY = YES;
				SWIFT_VERSION = 5.0;
				TARGETED_DEVICE_FAMILY = "1,2";
				TEST_HOST = "$(BUILT_PRODUCTS_DIR)/Vertix.app/$(BUNDLE_EXECUTABLE_FOLDER_PATH)/Vertix";
			};
			name = Debug;
		};
		3F03201A2FC7F15F00A28F4E /* Release */ = {
			isa = XCBuildConfiguration;
			baseConfigurationReference = 7A97D14B992745956A94E346 /* Pods-VertixTests.release.xcconfig */;
			buildSettings = {
				BUNDLE_LOADER = "$(TEST_HOST)";
				CODE_SIGN_STYLE = Automatic;
				CURRENT_PROJECT_VERSION = 1;
				ENABLE_USER_SCRIPT_SANDBOXING = YES;
				GENERATE_INFOPLIST_FILE = YES;
				IPHONEOS_DEPLOYMENT_TARGET = 26.4;
				MARKETING_VERSION = 1.0;
				PRODUCT_BUNDLE_IDENTIFIER = com.felix.VertixTests;
				PRODUCT_NAME = "$(TARGET_NAME)";
				STRING_CATALOG_GENERATE_SYMBOLS = NO;
				SWIFT_APPROACHABLE_CONCURRENCY = YES;
				SWIFT_EMIT_LOC_STRINGS = NO;
				SWIFT_UPCOMING_FEATURE_MEMBER_IMPORT_VISIBILITY = YES;
				SWIFT_VERSION = 5.0;
				TARGETED_DEVICE_FAMILY = "1,2";
				TEST_HOST = "$(BUILT_PRODUCTS_DIR)/Vertix.app/$(BUNDLE_EXECUTABLE_FOLDER_PATH)/Vertix";
			};
			name = Release;
		};
		3F7F1AFB2F90BEAB00E435E6 /* Debug */ = {
			isa = XCBuildConfiguration;
			buildSettings = {
				ALWAYS_SEARCH_USER_PATHS = NO;
				ASSETCATALOG_COMPILER_GENERATE_SWIFT_ASSET_SYMBOL_EXTENSIONS = YES;
				CLANG_ANALYZER_NONNULL = YES;
				CLANG_ANALYZER_NUMBER_OBJECT_CONVERSION = YES_AGGRESSIVE;
				CLANG_CXX_LANGUAGE_STANDARD = "gnu++20";
				CLANG_ENABLE_MODULES = YES;
				CLANG_ENABLE_OBJC_ARC = YES;
				CLANG_ENABLE_OBJC_WEAK = YES;
				CLANG_WARN_BLOCK_CAPTURE_AUTORELEASING = YES;
				CLANG_WARN_BOOL_CONVERSION = YES;
				CLANG_WARN_COMMA = YES;
				CLANG_WARN_CONSTANT_CONVERSION = YES;
				CLANG_WARN_DEPRECATED_OBJC_IMPLEMENTATIONS = YES;
				CLANG_WARN_DIRECT_OBJC_ISA_USAGE = YES_ERROR;
				CLANG_WARN_DOCUMENTATION_COMMENTS = YES;
				CLANG_WARN_EMPTY_BODY = YES;
				CLANG_WARN_ENUM_CONVERSION = YES;
				CLANG_WARN_INFINITE_RECURSION = YES;
				CLANG_WARN_INT_CONVERSION = YES;
				CLANG_WARN_NON_LITERAL_NULL_CONVERSION = YES;
				CLANG_WARN_OBJC_IMPLICIT_RETAIN_SELF = YES;
				CLANG_WARN_OBJC_LITERAL_CONVERSION = YES;
				CLANG_WARN_OBJC_ROOT_CLASS = YES_ERROR;
				CLANG_WARN_QUOTED_INCLUDE_IN_FRAMEWORK_HEADER = YES;
				CLANG_WARN_RANGE_LOOP_ANALYSIS = YES;
				CLANG_WARN_STRICT_PROTOTYPES = YES;
				CLANG_WARN_SUSPICIOUS_MOVE = YES;
				CLANG_WARN_UNGUARDED_AVAILABILITY = YES_AGGRESSIVE;
				CLANG_WARN_UNREACHABLE_CODE = YES;
				CLANG_WARN__DUPLICATE_METHOD_MATCH = YES;
				COPY_PHASE_STRIP = NO;
				DEBUG_INFORMATION_FORMAT = dwarf;
				DEVELOPMENT_TEAM = U687259YQU;
				ENABLE_STRICT_OBJC_MSGSEND = YES;
				ENABLE_TESTABILITY = YES;
				ENABLE_USER_SCRIPT_SANDBOXING = NO;
				GCC_C_LANGUAGE_STANDARD = gnu17;
				GCC_DYNAMIC_NO_PIC = NO;
				GCC_NO_COMMON_BLOCKS = YES;
				GCC_OPTIMIZATION_LEVEL = 0;
				GCC_PREPROCESSOR_DEFINITIONS = (
					"DEBUG=1",
					"$(inherited)",
				);
				GCC_WARN_64_TO_32_BIT_CONVERSION = YES;
				GCC_WARN_ABOUT_RETURN_TYPE = YES_ERROR;
				GCC_WARN_UNDECLARED_SELECTOR = YES;
				GCC_WARN_UNINITIALIZED_AUTOS = YES_AGGRESSIVE;
				GCC_WARN_UNUSED_FUNCTION = YES;
				GCC_WARN_UNUSED_VARIABLE = YES;
				IPHONEOS_DEPLOYMENT_TARGET = 26.2;
				LOCALIZATION_PREFERS_STRING_CATALOGS = YES;
				MTL_ENABLE_DEBUG_INFO = INCLUDE_SOURCE;
				MTL_FAST_MATH = YES;
				ONLY_ACTIVE_ARCH = YES;
				SDKROOT = iphoneos;
				STRING_CATALOG_GENERATE_SYMBOLS = YES;
				SWIFT_ACTIVE_COMPILATION_CONDITIONS = "DEBUG $(inherited)";
				SWIFT_OPTIMIZATION_LEVEL = "-Onone";
			};
			name = Debug;
		};
		3F7F1AFC2F90BEAB00E435E6 /* Release */ = {
			isa = XCBuildConfiguration;
			buildSettings = {
				ALWAYS_SEARCH_USER_PATHS = NO;
				ASSETCATALOG_COMPILER_GENERATE_SWIFT_ASSET_SYMBOL_EXTENSIONS = YES;
				CLANG_ANALYZER_NONNULL = YES;
				CLANG_ANALYZER_NUMBER_OBJECT_CONVERSION = YES_AGGRESSIVE;
				CLANG_CXX_LANGUAGE_STANDARD = "gnu++20";
				CLANG_ENABLE_MODULES = YES;
				CLANG_ENABLE_OBJC_ARC = YES;
				CLANG_ENABLE_OBJC_WEAK = YES;
				CLANG_WARN_BLOCK_CAPTURE_AUTORELEASING = YES;
				CLANG_WARN_BOOL_CONVERSION = YES;
				CLANG_WARN_COMMA = YES;
				CLANG_WARN_CONSTANT_CONVERSION = YES;
				CLANG_WARN_DEPRECATED_OBJC_IMPLEMENTATIONS = YES;
				CLANG_WARN_DIRECT_OBJC_ISA_USAGE = YES_ERROR;
				CLANG_WARN_DOCUMENTATION_COMMENTS = YES;
				CLANG_WARN_EMPTY_BODY = YES;
				CLANG_WARN_ENUM_CONVERSION = YES;
				CLANG_WARN_INFINITE_RECURSION = YES;
				CLANG_WARN_INT_CONVERSION = YES;
				CLANG_WARN_NON_LITERAL_NULL_CONVERSION = YES;
				CLANG_WARN_OBJC_IMPLICIT_RETAIN_SELF = YES;
				CLANG_WARN_OBJC_LITERAL_CONVERSION = YES;
				CLANG_WARN_OBJC_ROOT_CLASS = YES_ERROR;
				CLANG_WARN_QUOTED_INCLUDE_IN_FRAMEWORK_HEADER = YES;
				CLANG_WARN_RANGE_LOOP_ANALYSIS = YES;
				CLANG_WARN_STRICT_PROTOTYPES = YES;
				CLANG_WARN_SUSPICIOUS_MOVE = YES;
				CLANG_WARN_UNGUARDED_AVAILABILITY = YES_AGGRESSIVE;
				CLANG_WARN_UNREACHABLE_CODE = YES;
				CLANG_WARN__DUPLICATE_METHOD_MATCH = YES;
				COPY_PHASE_STRIP = NO;
				DEBUG_INFORMATION_FORMAT = "dwarf-with-dsym";
				DEVELOPMENT_TEAM = U687259YQU;
				ENABLE_NS_ASSERTIONS = NO;
				ENABLE_STRICT_OBJC_MSGSEND = YES;
				ENABLE_USER_SCRIPT_SANDBOXING = NO;
				GCC_C_LANGUAGE_STANDARD = gnu17;
				GCC_NO_COMMON_BLOCKS = YES;
				GCC_WARN_64_TO_32_BIT_CONVERSION = YES;
				GCC_WARN_ABOUT_RETURN_TYPE = YES_ERROR;
				GCC_WARN_UNDECLARED_SELECTOR = YES;
				GCC_WARN_UNINITIALIZED_AUTOS = YES_AGGRESSIVE;
				GCC_WARN_UNUSED_FUNCTION = YES;
				GCC_WARN_UNUSED_VARIABLE = YES;
				IPHONEOS_DEPLOYMENT_TARGET = 26.2;
				LOCALIZATION_PREFERS_STRING_CATALOGS = YES;
				MTL_ENABLE_DEBUG_INFO = NO;
				MTL_FAST_MATH = YES;
				SDKROOT = iphoneos;
				STRING_CATALOG_GENERATE_SYMBOLS = YES;
				SWIFT_COMPILATION_MODE = wholemodule;
				VALIDATE_PRODUCT = YES;
			};
			name = Release;
		};
		3F7F1AFE2F90BEAB00E435E6 /* Debug */ = {
			isa = XCBuildConfiguration;
			baseConfigurationReference = 9DE2669C744C63D33EDA6A4A /* Pods-Vertix.debug.xcconfig */;
			buildSettings = {
				ASSETCATALOG_COMPILER_APPICON_NAME = AppIcon;
				ASSETCATALOG_COMPILER_GLOBAL_ACCENT_COLOR_NAME = AccentColor;
				CODE_SIGN_STYLE = Automatic;
				CURRENT_PROJECT_VERSION = 1;
				ENABLE_PREVIEWS = YES;
				GENERATE_INFOPLIST_FILE = YES;
				INFOPLIST_KEY_NSCameraUsageDescription = "Vertix needs camera access to monitor your posture during study sessions.";
				INFOPLIST_KEY_UIApplicationSceneManifest_Generation = YES;
				INFOPLIST_KEY_UIApplicationSupportsIndirectInputEvents = YES;
				INFOPLIST_KEY_UILaunchScreen_Generation = YES;
				INFOPLIST_KEY_UISupportedInterfaceOrientations_iPad = "UIInterfaceOrientationPortrait UIInterfaceOrientationPortraitUpsideDown UIInterfaceOrientationLandscapeLeft UIInterfaceOrientationLandscapeRight";
				INFOPLIST_KEY_UISupportedInterfaceOrientations_iPhone = "UIInterfaceOrientationPortrait UIInterfaceOrientationLandscapeLeft UIInterfaceOrientationLandscapeRight";
				IPHONEOS_DEPLOYMENT_TARGET = 18.6;
				LD_RUNPATH_SEARCH_PATHS = (
					"$(inherited)",
					"@executable_path/Frameworks",
				);
				MARKETING_VERSION = 1.0;
				PRODUCT_BUNDLE_IDENTIFIER = com.felix.Vertix;
				PRODUCT_NAME = "$(TARGET_NAME)";
				STRING_CATALOG_GENERATE_SYMBOLS = YES;
				SWIFT_APPROACHABLE_CONCURRENCY = YES;
				SWIFT_DEFAULT_ACTOR_ISOLATION = MainActor;
				SWIFT_EMIT_LOC_STRINGS = YES;
				SWIFT_UPCOMING_FEATURE_MEMBER_IMPORT_VISIBILITY = YES;
				SWIFT_VERSION = 5.0;
				TARGETED_DEVICE_FAMILY = "1,2";
			};
			name = Debug;
		};
		3F7F1AFF2F90BEAB00E435E6 /* Release */ = {
			isa = XCBuildConfiguration;
			baseConfigurationReference = AB455E853370C5FCADD1AFB0 /* Pods-Vertix.release.xcconfig */;
			buildSettings = {
				ASSETCATALOG_COMPILER_APPICON_NAME = AppIcon;
				ASSETCATALOG_COMPILER_GLOBAL_ACCENT_COLOR_NAME = AccentColor;
				CODE_SIGN_STYLE = Automatic;
				CURRENT_PROJECT_VERSION = 1;
				ENABLE_PREVIEWS = YES;
				GENERATE_INFOPLIST_FILE = YES;
				INFOPLIST_KEY_NSCameraUsageDescription = "Vertix needs camera access to monitor your posture during study sessions.";
				INFOPLIST_KEY_UIApplicationSceneManifest_Generation = YES;
				INFOPLIST_KEY_UIApplicationSupportsIndirectInputEvents = YES;
				INFOPLIST_KEY_UILaunchScreen_Generation = YES;
				INFOPLIST_KEY_UISupportedInterfaceOrientations_iPad = "UIInterfaceOrientationPortrait UIInterfaceOrientationPortraitUpsideDown UIInterfaceOrientationLandscapeLeft UIInterfaceOrientationLandscapeRight";
				INFOPLIST_KEY_UISupportedInterfaceOrientations_iPhone = "UIInterfaceOrientationPortrait UIInterfaceOrientationLandscapeLeft UIInterfaceOrientationLandscapeRight";
				IPHONEOS_DEPLOYMENT_TARGET = 18.6;
				LD_RUNPATH_SEARCH_PATHS = (
					"$(inherited)",
					"@executable_path/Frameworks",
				);
				MARKETING_VERSION = 1.0;
				PRODUCT_BUNDLE_IDENTIFIER = com.felix.Vertix;
				PRODUCT_NAME = "$(TARGET_NAME)";
				STRING_CATALOG_GENERATE_SYMBOLS = YES;
				SWIFT_APPROACHABLE_CONCURRENCY = YES;
				SWIFT_DEFAULT_ACTOR_ISOLATION = MainActor;
				SWIFT_EMIT_LOC_STRINGS = YES;
				SWIFT_UPCOMING_FEATURE_MEMBER_IMPORT_VISIBILITY = YES;
				SWIFT_VERSION = 5.0;
				TARGETED_DEVICE_FAMILY = "1,2";
			};
			name = Release;
		};
/* End XCBuildConfiguration section */

/* Begin XCConfigurationList section */
		3F03201B2FC7F15F00A28F4E /* Build configuration list for PBXNativeTarget "VertixTests" */ = {
			isa = XCConfigurationList;
			buildConfigurations = (
				3F0320192FC7F15F00A28F4E /* Debug */,
				3F03201A2FC7F15F00A28F4E /* Release */,
			);
			defaultConfigurationIsVisible = 0;
			defaultConfigurationName = Release;
		};
		3F7F1AED2F90BEAA00E435E6 /* Build configuration list for PBXProject "Vertix" */ = {
			isa = XCConfigurationList;
			buildConfigurations = (
				3F7F1AFB2F90BEAB00E435E6 /* Debug */,
				3F7F1AFC2F90BEAB00E435E6 /* Release */,
			);
			defaultConfigurationIsVisible = 0;
			defaultConfigurationName = Release;
		};
		3F7F1AFD2F90BEAB00E435E6 /* Build configuration list for PBXNativeTarget "Vertix" */ = {
			isa = XCConfigurationList;
			buildConfigurations = (
				3F7F1AFE2F90BEAB00E435E6 /* Debug */,
				3F7F1AFF2F90BEAB00E435E6 /* Release */,
			);
			defaultConfigurationIsVisible = 0;
			defaultConfigurationName = Release;
		};
/* End XCConfigurationList section */
	};
	rootObject = 3F7F1AEA2F90BEAA00E435E6 /* Project object */;
}
